{
  "nodes": {
    "aerospace-utils": {
      "inputs": {
        "flake-utils": "flake-utils",
        "gomod2nix": "gomod2nix",
        "nixpkgs": [
          "nixpkgs"
        ]
      },
      "locked": {
        "lastModified": 1790732075,
        "narHash": "sha256-hMPKmRpYBBgzIl3QEHqr2zlaKjinpWAC/vofRaHl6wg=",
        "owner": "mholtzscher",
        "repo": "aerospace-utils",
        "rev": "710fd2bbeb112517876721d5b7f5e7d612e7a3b1",
        "type": "github"
      },
      "original": {
        "owner": "mholtzscher",
        "repo": "aerospace-utils",
        "type": "github"
      }
    },
    "agenix": {
      "inputs": {
        "nixpkgs": [
          "nixpkgs"
        ]
      },
      "locked": {
        "lastModified": 1790734419,
        "narHash": "sha256-n7wew722m1OTBT9DOIMxNX/NF4zfsSUABAO5eW3wikE=",
        "owner": "ryantm",
        "repo": "agenix",
        "rev": "3daa710894355fa2fad8243380af373a2b4046ef",
        "type": "github"
      },
      "original": {
        "owner": "ryantm",
        "repo": "agenix",
        "type": "github"
      }
    },
    "agent-skills": {
      "inputs": {
        "nixpkgs": [
          "nixpkgs"
        ]
      },
      "locked": {
        "lastModified": 1790154098,
        "narHash": "sha256-SviEpvFefXCPOmQ2b41c4ujE7BzWYJ/h8p/HZNxD2B8=",
        "owner": "Kyure-A",
        "repo": "agent-skills-nix",
        "rev": "dc122af897ab9a685c20ae54c639021619dbbb52",
        "type": "github"
      },
      "original": {
        "owner": "Kyure-A",
        "repo": "agent-skills-nix",
        "type": "github"
      }
    },
    "bun2nix": {
      "inputs": {
        "flake-parts": "flake-parts",
        "import-tree": "import-tree",
        "nixpkgs": [
          "hunk",
          "nixpkgs"
        ],
        "systems": [
          "hunk",
          "systems"
        ],
        "treefmt-nix": "treefmt-nix"
      },
      "locked": {
        "lastModified": 1770895533,
        "narHash": "sha256-v3QaK9ugy9bN9RXDnjw0i2OifKmz2NnKM82agtqm/UY=",
        "owner": "nix-community",
        "repo": "bun2nix",
        "rev": "c843f477b15f51151f8c6bcc886954699440a6e1",
        "type": "github"
      },
      "original": {
        "owner": "nix-community",
        "repo": "bun2nix",
        "type": "github"
      }
    },
    "bun2nix_2": {
      "inputs": {
        "flake-parts": [
          "llm-agents",
          "flake-parts"
        ],
        "nixpkgs": [
          "llm-agents",
          "nixpkgs"
        ],
        "systems": [
          "llm-agents",
          "systems"
        ],
        "treefmt-nix": [
          "llm-agents",
          "treefmt-nix"
        ]
      },
      "locked": {
        "lastModified": 1790001035,
        "narHash": "sha256-1/SLBjSYBzDdDhvLQ83wrzBakyS/xNGgtxHGNuveOEQ=",
        "owner": "Mic92",
        "repo": "bun2nix",
        "rev": "07a5bfc8ac36c5370199343fa620b69f63186e33",
        "type": "github"
      },
      "original": {
        "owner": "Mic92",
        "ref": "llm-agents",
        "repo": "bun2nix",
        "type": "github"
      }
    },
    "catppuccin": {
      "inputs": {
        "nixpkgs": "nixpkgs"
      },
      "locked": {
        "lastModified": 1791212692,
        "narHash": "sha256-oPAfsTRNqAFsycAirLU05uTVKo3MaZf7fz88ekCeoO8=",
        "owner": "catppuccin",
        "repo": "nix",
        "rev": "0c0335a1a6d326adb5a5e116aae0d51c7041b2e5",
        "type": "github"
      },
      "original": {
        "owner": "catppuccin",
        "repo": "nix",
        "type": "github"
      }
    },
    "flake-compat": {
      "flake": false,
      "locked": {
        "lastModified": 1747046372,
        "narHash": "sha256-CIVLLkVgvHYbgI2UpXvIIBJ12HWgX+fjA8Xf8PUmqCY=",
        "owner": "edolstra",
        "repo": "flake-compat",
        "rev": "9100a0f413b0c601e0533d1d94ffd501ce2e7885",
        "type": "github"
      },
      "original": {
        "owner": "edolstra",
        "repo": "flake-compat",
        "type": "github"
      }
    },
    "flake-parts": {
      "inputs": {
        "nixpkgs-lib": "nixpkgs-lib"
      },
      "locked": {
        "lastModified": 1769996383,
        "narHash": "sha256-AnYjnFWgS49RlqX7LrC4uA+sCCDBj0Ry/WOJ5XWAsa0=",
        "owner": "hercules-ci",
        "repo": "flake-parts",
        "rev": "57928607ea566b5db3ad13af0e57e921e6b12381",
        "type": "github"
      },
      "original": {
        "owner": "hercules-ci",
        "repo": "flake-parts",
        "type": "github"
      }
    },
    "flake-parts_2": {
      "inputs": {
        "nixpkgs-lib": [
          "llm-agents",
          "nixpkgs"
        ]
      },
      "locked": {
        "lastModified": 1790898470,
        "narHash": "sha256-zTwuwezD0w3hpga6a6P8emidzAZFyWqlNeRBlpWOOl8=",
        "owner": "hercules-ci",
        "repo": "flake-parts",
        "rev": "024633cd702b10285db5cb19b40ad48d2399ba60",
        "type": "github"
      },
      "original": {
        "owner": "hercules-ci",
        "repo": "flake-parts",
        "type": "github"
      }
    },
    "flake-parts_3": {
      "inputs": {
        "nixpkgs-lib": [
          "neovim-nightly",
          "nixpkgs"
        ]
      },
      "locked": {
        "lastModified": 1790898470,
        "narHash": "sha256-zTwuwezD0w3hpga6a6P8emidzAZFyWqlNeRBlpWOOl8=",
        "owner": "hercules-ci",
        "repo": "flake-parts",
        "rev": "024633cd702b10285db5cb19b40ad48d2399ba60",
        "type": "github"
      },
      "original": {
        "owner": "hercules-ci",
        "repo": "flake-parts",
        "type": "github"
      }
    },
    "flake-utils": {
      "inputs": {
        "systems": "systems"
      },
      "locked": {
        "lastModified": 1731533236,
        "narHash": "sha256-l0KFg5HjrsfsO/JpG+r7fRrqm12kzFHyUHqHCVpMMbI=",
        "owner": "numtide",
        "repo": "flake-utils",
        "rev": "11707dc2f618dd54ca8739b309ec4fc024de578b",
        "type": "github"
      },
      "original": {
        "owner": "numtide",
        "repo": "flake-utils",
        "type": "github"
      }
    },
    "flake-utils_2": {
      "inputs": {
        "systems": "systems_2"
      },
      "locked": {
        "lastModified": 1731533236,
        "narHash": "sha256-l0KFg5HjrsfsO/JpG+r7fRrqm12kzFHyUHqHCVpMMbI=",
        "owner": "numtide",
        "repo": "flake-utils",
        "rev": "11707dc2f618dd54ca8739b309ec4fc024de578b",
        "type": "github"
      },
      "original": {
        "owner": "numtide",
        "repo": "flake-utils",
        "type": "github"
      }
    },
    "flake-utils_3": {
      "inputs": {
        "systems": "systems_5"
      },
      "locked": {
        "lastModified": 1731533236,
        "narHash": "sha256-l0KFg5HjrsfsO/JpG+r7fRrqm12kzFHyUHqHCVpMMbI=",
        "owner": "numtide",
        "repo": "flake-utils",
        "rev": "11707dc2f618dd54ca8739b309ec4fc024de578b",
        "type": "github"
      },
      "original": {
        "owner": "numtide",
        "repo": "flake-utils",
        "type": "github"
      }
    },
    "flake-utils_4": {
      "inputs": {
        "systems": "systems_6"
      },
      "locked": {
        "lastModified": 1731533236,
        "narHash": "sha256-l0KFg5HjrsfsO/JpG+r7fRrqm12kzFHyUHqHCVpMMbI=",
        "owner": "numtide",
        "repo": "flake-utils",
        "rev": "11707dc2f618dd54ca8739b309ec4fc024de578b",
        "type": "github"
      },
      "original": {
        "owner": "numtide",
        "repo": "flake-utils",
        "type": "github"
      }
    },
    "gomod2nix": {
      "inputs": {
        "flake-utils": [
          "aerospace-utils",
          "flake-utils"
        ],
        "nixpkgs": [
          "aerospace-utils",
          "nixpkgs"
        ]
      },
      "locked": {
        "lastModified": 1767019875,
        "narHash": "sha256-NodN+lhWTD59b44Q2bPjE1edINfjfRkQYdZsrxifCeU=",
        "owner": "nix-community",
        "repo": "gomod2nix",
        "rev": "49662a44272806ff785df2990a420edaaca15db4",
        "type": "github"
      },
      "original": {
        "owner": "nix-community",
        "repo": "gomod2nix",
        "type": "github"
      }
    },
    "helium": {
      "inputs": {
        "flake-compat": "flake-compat",
        "flake-utils": "flake-utils_2",
        "nixpkgs": [
          "nixpkgs"
        ]
      },
      "locked": {
        "lastModified": 1791535095,
        "narHash": "sha256-PpCQNz4yfF/kKStwYjSY35E7Y7eXhgH++oC+e5DjEHU=",
        "owner": "AlvaroParker",
        "repo": "helium-nix",
        "rev": "7072cafee8e069679b32905ae5f4c786dca6e052",
        "type": "github"
      },
      "original": {
        "owner": "AlvaroParker",
        "repo": "helium-nix",
        "type": "github"
      }
    },
    "home-manager": {
      "inputs": {
        "nixpkgs": [
          "nixpkgs"
        ]
      },
      "locked": {
        "lastModified": 1791484883,
        "narHash": "sha256-iKxFHJrg7Sltwhq3ssCZYQ4CFEDVvReVVuVuO9dj3sE=",
        "owner": "nix-community",
        "repo": "home-manager",
        "rev": "dfadbe5162d5e86bc0808badec8f346f81b4b3f0",
        "type": "github"
      },
      "original": {
        "owner": "nix-community",
        "repo": "home-manager",
        "type": "github"
      }
    },
    "hunk": {
      "inputs": {
        "bun2nix": "bun2nix",
        "nixpkgs": [
          "nixpkgs"
        ],
        "systems": "systems_3"
      },
      "locked": {
        "lastModified": 1791380195,
        "narHash": "sha256-TwzBH5HwDJjJ1E80GbpnAXdQNqh3JMO8ozGsBsua+iI=",
        "owner": "modem-dev",
        "repo": "hunk",
        "rev": "9566e33d930e8844a0fe910e7b9d0f822b0728cb",
        "type": "github"
      },
      "original": {
        "owner": "modem-dev",
        "repo": "hunk",
        "type": "github"
      }
    },
    "import-tree": {
      "locked": {
        "lastModified": 1763762820,
        "narHash": "sha256-ZvYKbFib3AEwiNMLsejb/CWs/OL/srFQ8AogkebEPF0=",
        "owner": "vic",
        "repo": "import-tree",
        "rev": "3c23749d8013ec6daa1d7255057590e9ca726646",
        "type": "github"
      },
      "original": {
        "owner": "vic",
        "repo": "import-tree",
        "type": "github"
      }
    },
    "llm-agents": {
      "inputs": {
        "bun2nix": "bun2nix_2",
        "flake-parts": "flake-parts_2",
        "nixpkgs": "nixpkgs_2",
        "systems": "systems_4",
        "treefmt-nix": "treefmt-nix_2"
      },
      "locked": {
        "lastModified": 1791522838,
        "narHash": "sha256-Q6VbwYvayJgN/7x4jI7KnSkd5NGyUwfUw57Dho4jJAE=",
        "owner": "numtide",
        "repo": "llm-agents.nix",
        "rev": "4bb57cff45b5554a02dba0cf7a8c7f4f010a864d",
        "type": "github"
      },
      "original": {
        "owner": "numtide",
        "repo": "llm-agents.nix",
        "type": "github"
      }
    },
    "melt": {
      "inputs": {
        "flake-utils": "flake-utils_3",
        "nixpkgs": [
          "nixpkgs"
        ]
      },
      "locked": {
        "lastModified": 1791212679,
        "narHash": "sha256-9XlpiNEStqKhiNqRQLv44ZgZawOt7BIomnUm822youo=",
        "owner": "mholtzscher",
        "repo": "melt",
        "rev": "1d7295b83acaa1e484e1eff5a25fcbdb433c2dae",
        "type": "github"
      },
      "original": {
        "owner": "mholtzscher",
        "repo": "melt",
        "type": "github"
      }
    },
    "mise": {
      "inputs": {
        "flake-utils": "flake-utils_4",
        "nixpkgs": "nixpkgs_3"
      },
      "locked": {
        "lastModified": 1791534926,
        "narHash": "sha256-JSOCp9gwfIaMGNW0/hhn0YswFMc6iz5hztu4VNikw6Q=",
        "owner": "jdx",
        "repo": "mise",
        "rev": "6be3cbdc639a66c03651479428e4c5f60b00485f",
        "type": "github"
      },
      "original": {
        "owner": "jdx",
        "repo": "mise",
        "type": "github"
      }
    },
    "neovim-nightly": {
      "inputs": {
        "flake-parts": "flake-parts_3",
        "neovim-src": "neovim-src",
        "nixpkgs": [
          "nixpkgs"
        ]
      },
      "locked": {
        "lastModified": 1791417820,
        "narHash": "sha256-J2lxNdGQN/0HtxJN7hImgcKFUFkIT+/VIZLlgdnR2TY=",
        "owner": "nix-community",
        "repo": "neovim-nightly-overlay",
        "rev": "42252f1d108c3e2051539162e1fb79e76f645af3",
        "type": "github"
      },
      "original": {
        "owner": "nix-community",
        "repo": "neovim-nightly-overlay",
        "type": "github"
      }
    },
    "neovim-src": {
      "flake": false,
      "locked": {
        "lastModified": 1791362525,
        "narHash": "sha256-Wx5IlIB6ACHNNFDfE/MQJVqe0XMX7oxwD3ghxGQlOWw=",
        "owner": "neovim",
        "repo": "neovim",
        "rev": "27ee55c09d088c88b6c5ab5e8e2c4eaf86d6df71",
        "type": "github"
      },
      "original": {
        "owner": "neovim",
        "repo": "neovim",
        "type": "github"
      }
    },
    "nix-darwin": {
      "inputs": {
        "nixpkgs": [
          "nixpkgs"
        ]
      },
      "locked": {
        "lastModified": 1786845137,
        "narHash": "sha256-oQFip+v0luP8NIxJzmiW4Wu8bILsbFWom5l0zonl8hQ=",
        "owner": "LnL7",
        "repo": "nix-darwin",
        "rev": "4cff07de74b50e64bdd68cd4e722ab5b6b35ee48",
        "type": "github"
      },
      "original": {
        "owner": "LnL7",
        "repo": "nix-darwin",
        "type": "github"
      }
    },
    "nixpkgs": {
      "locked": {
        "lastModified": 1790652569,
        "narHash": "sha256-k8Fu4c9Z+4Nh7mUr0cfw++ITQiyEhlWxoJBOkI3tOcQ=",
        "rev": "b6c8664de9b6cc07fe5666a29f91884ba81197c4",
        "type": "tarball",
        "url": "https://releases.nixos.org/nixpkgs/nixpkgs-26.11pre1082290.b6c8664de9b6/nixexprs.tar.xz"
      },
      "original": {
        "type": "tarball",
        "url": "https://channels.nixos.org/nixpkgs-unstable/nixexprs.tar.xz"
      }
    },
    "nixpkgs-lib": {
      "locked": {
        "lastModified": 1769909678,
        "narHash": "sha256-cBEymOf4/o3FD5AZnzC3J9hLbiZ+QDT/KDuyHXVJOpM=",
        "owner": "nix-community",
        "repo": "nixpkgs.lib",
        "rev": "72716169fe93074c333e8d0173151350670b824c",
        "type": "github"
      },
      "original": {
        "owner": "nix-community",
        "repo": "nixpkgs.lib",
        "type": "github"
      }
    },
    "nixpkgs-master": {
      "locked": {
        "lastModified": 1791510481,
        "narHash": "sha256-dnGkAhRT/jC1N2vF0eZxp8Fz0b5qZpEKpEPHeW9kIT0=",
        "owner": "NixOS",
        "repo": "nixpkgs",
        "rev": "6013e967091533eea3f5a214a1d985da45ec7870",
        "type": "github"
      },
      "original": {
        "owner": "NixOS",
        "ref": "master",
        "repo": "nixpkgs",
        "type": "github"
      }
    },
    "nixpkgs_2": {
      "locked": {
        "lastModified": 1790600678,
        "narHash": "sha256-6k3n7X2UsZ6tAlWTz99RimiZab+17tMUrw9sRUcELiA=",
        "owner": "NixOS",
        "repo": "nixpkgs",
        "rev": "f45c6f04c2f013f004bf94e284e95d72898d9393",
        "type": "github"
      },
      "original": {
        "owner": "NixOS",
        "ref": "nixpkgs-unstable",
        "repo": "nixpkgs",
        "type": "github"
      }
    },
    "nixpkgs_3": {
      "locked": {
        "lastModified": 1788746152,
        "narHash": "sha256-RaKngusl5I8pNi8RfrVvsHq3NZe7eFWzDlb01+hEVqY=",
        "owner": "NixOS",
        "repo": "nixpkgs",
        "rev": "42f17a57f4f6e33b3de3dca0a2a5ea5233169d02",
        "type": "github"
      },
      "original": {
        "owner": "NixOS",
        "ref": "nixpkgs-unstable",
        "repo": "nixpkgs",
        "type": "github"
      }
    },
    "nixpkgs_4": {
      "locked": {
        "lastModified": 1791456040,
        "narHash": "sha256-H83yz/do+hjOO0uujHyH8RgtIQP2v7Mw+cLwcZK/xKc=",
        "owner": "NixOS",
        "repo": "nixpkgs",
        "rev": "e7439b6b14ad3cc35d05608ebca9bce01a25f5f8",
        "type": "github"
      },
      "original": {
        "owner": "NixOS",
        "ref": "nixos-unstable",
        "repo": "nixpkgs",
        "type": "github"
      }
    },
    "nixpkgs_5": {
      "locked": {
        "lastModified": 1790822859,
        "narHash": "sha256-VBA0QerzzmL+4wxgtwiCdiLwLpJg2/9xOxhgO3BRJQA=",
        "rev": "c59305bab2065cfecc4944690d9eedbb56f3a9fa",
        "type": "tarball",
        "url": "https://releases.nixos.org/nixos/unstable/nixos-26.11pre1083223.c59305bab206/nixexprs.tar.zst"
      },
      "original": {
        "type": "tarball",
        "url": "https://channels.nixos.org/nixos-unstable/nixexprs.tar.zst"
      }
    },
    "noctalia": {
      "inputs": {
        "nixpkgs": "nixpkgs_5"
      },
      "locked": {
        "lastModified": 1791508905,
        "narHash": "sha256-SZIQ+WNth7vEx4COlHwbI+NQ/iqPMoJrIuWT7FohJD4=",
        "owner": "noctalia-dev",
        "repo": "noctalia",
        "rev": "5214b1abcc18d028e44bbec2a825a5359ff7ad52",
        "type": "github"
      },
      "original": {
        "owner": "noctalia-dev",
        "ref": "cachix",
        "repo": "noctalia",
        "type": "github"
      }
    },
    "noctalia-greeter": {
      "inputs": {
        "nixpkgs": [
          "nixpkgs"
        ]
      },
      "locked": {
        "lastModified": 1791371992,
        "narHash": "sha256-+M3rbqo/h5z0ayFIg+hWFa6hDewa79IBc0UUMSR0v0c=",
        "owner": "noctalia-dev",
        "repo": "noctalia-greeter",
        "rev": "836071bcbc490c6ab7095d0aae5d0885bd2c5659",
        "type": "github"
      },
      "original": {
        "owner": "noctalia-dev",
        "repo": "noctalia-greeter",
        "type": "github"
      }
    },
    "root": {
      "inputs": {
        "aerospace-utils": "aerospace-utils",
        "agenix": "agenix",
        "agent-skills": "agent-skills",
        "catppuccin": "catppuccin",
        "helium": "helium",
        "home-manager": "home-manager",
        "hunk": "hunk",
        "llm-agents": "llm-agents",
        "melt": "melt",
        "mise": "mise",
        "neovim-nightly": "neovim-nightly",
        "nix-darwin": "nix-darwin",
        "nixpkgs": "nixpkgs_4",
        "nixpkgs-master": "nixpkgs-master",
        "noctalia": "noctalia",
        "noctalia-greeter": "noctalia-greeter",
        "skills-agent-artifacts": "skills-agent-artifacts",
        "skills-anthropic": "skills-anthropic",
        "skills-cloudflare": "skills-cloudflare",
        "skills-codex": "skills-codex",
        "skills-dmmulroy": "skills-dmmulroy",
        "skills-herdr": "skills-herdr",
        "skills-humanlayer": "skills-humanlayer",
        "skills-kitlangton": "skills-kitlangton",
        "skills-mattpocock": "skills-mattpocock",
        "skills-mholtzscher": "skills-mholtzscher",
        "skills-nicobailon": "skills-nicobailon",
        "skills-plannotator": "skills-plannotator",
        "skills-pstack": "skills-pstack",
        "skills-terminal-control": "skills-terminal-control",
        "skills-vercel": "skills-vercel"
      }
    },
    "rust-overlay": {
      "inputs": {
        "nixpkgs": [
          "skills-herdr",
          "nixpkgs"
        ]
      },
      "locked": {
        "lastModified": 1783577481,
        "narHash": "sha256-EWMxOWrJ031f8f/lrcEmhTRs4npw1/5N3Hcjin846c8=",
        "owner": "oxalica",
        "repo": "rust-overlay",
        "rev": "4cdea398dc491b082dccdce0fad1ed0b75fa3394",
        "type": "github"
      },
      "original": {
        "owner": "oxalica",
        "repo": "rust-overlay",
        "type": "github"
      }
    },
    "skills-agent-artifacts": {
      "flake": false,
      "locked": {
        "lastModified": 1783825058,
        "narHash": "sha256-Y8NikHtWKYuFHhMiHtA8Wvc7ECGjPLsTL75h1zr0SwI=",
        "owner": "mholtzscher",
        "repo": "agent-artifacts",
        "rev": "a80825967c618f0ebc226e4be5a8091176488b3d",
        "type": "github"
      },
      "original": {
        "owner": "mholtzscher",
        "repo": "agent-artifacts",
        "type": "github"
      }
    },
    "skills-anthropic": {
      "flake": false,
      "locked": {
        "lastModified": 1791540411,
        "narHash": "sha256-0cP92Q3ia3DUOkwHb134azFb0kKMBKDQOeRj/2/0fwg=",
        "owner": "anthropics",
        "repo": "skills",
        "rev": "9d630808e4add0a7146de4af9384155d5dee350a",
        "type": "github"
      },
      "original": {
        "owner": "anthropics",
        "repo": "skills",
        "type": "github"
      }
    },
    "skills-cloudflare": {
      "flake": false,
      "locked": {
        "lastModified": 1791506243,
        "narHash": "sha256-UCw/28QVYktCFR1YQsMKWk3U8G8WRpQNIBEUnbX23DU=",
        "owner": "cloudflare",
        "repo": "skills",
        "rev": "a18ffe2a99448ebff262fc87915b0fd14bab9b70",
        "type": "github"
      },
      "original": {
        "owner": "cloudflare",
        "repo": "skills",
        "type": "github"
      }
    },
    "skills-codex": {
      "flake": false,
      "locked": {
        "lastModified": 1791548647,
        "narHash": "sha256-/k+5Uop36cj6oI5yOFns8Mofu2KgUSS6H0E0v98orWI=",
        "owner": "openai",
        "repo": "codex",
        "rev": "5fe4fc8f7cd16688b5c661d8cdb76e2a340b046d",
        "type": "github"
      },
      "original": {
        "owner": "openai",
        "repo": "codex",
        "type": "github"
      }
    },
    "skills-dmmulroy": {
      "flake": false,
      "locked": {
        "lastModified": 1791381862,
        "narHash": "sha256-LzwwlY97noIIQwRoUDJa/KRs08bTq6yQiA53LeBJ/Oo=",
        "owner": "dmmulroy",
        "repo": ".dotfiles",
        "rev": "4a783032e8f1254759ed9e97b65f6108478f0cb6",
        "type": "github"
      },
      "original": {
        "owner": "dmmulroy",
        "repo": ".dotfiles",
        "type": "github"
      }
    },
    "skills-herdr": {
      "inputs": {
        "nixpkgs": [
          "nixpkgs"
        ],
        "rust-overlay": "rust-overlay"
      },
      "locked": {
        "lastModified": 1791490364,
        "narHash": "sha256-CCHbrAwI51iNPu7/ubU/UUmyxeIWEYoIcoFC5A6+KX8=",
        "owner": "ogulcancelik",
        "repo": "herdr",
        "rev": "2563803dca97c040beaf3dc3acdcb5a3221b4238",
        "type": "github"
      },
      "original": {
        "owner": "ogulcancelik",
        "repo": "herdr",
        "type": "github"
      }
    },
    "skills-humanlayer": {
      "flake": false,
      "locked": {
        "lastModified": 1791496465,
        "narHash": "sha256-W3dFEdIi4sz4CAZvaj1xjtN7xTRebF/WHOTQYCIe2Xo=",
        "owner": "humanlayer",
        "repo": "skills",
        "rev": "653b6411c1f70c275a18e37673b042ff99f67ceb",
        "type": "github"
      },
      "original": {
        "owner": "humanlayer",
        "repo": "skills",
        "type": "github"
      }
    },
    "skills-kitlangton": {
      "flake": false,
      "locked": {
        "lastModified": 1790962262,
        "narHash": "sha256-OAG3JMZjB5NVnuEn9McboxhqQ7sWbuT+9m0YjFIm/WU=",
        "owner": "kitlangton",
        "repo": "skills",
        "rev": "71195e36024ebd2e66c5beac946e81eafd5abc43",
        "type": "github"
      },
      "original": {
        "owner": "kitlangton",
        "repo": "skills",
        "type": "github"
      }
    },
    "skills-mattpocock": {
      "flake": false,
      "locked": {
        "lastModified": 1791543409,
        "narHash": "sha256-NljCSZNI3sZ+vbCw7pRdrwR7try4BxOFp4gdjuWYtzs=",
        "owner": "mattpocock",
        "repo": "skills",
        "rev": "49dd158d1076134a641b33efb035946536778336",
        "type": "github"
      },
      "original": {
        "owner": "mattpocock",
        "repo": "skills",
        "type": "github"
      }
    },
    "skills-mholtzscher": {
      "flake": false,
      "locked": {
        "lastModified": 1791511889,
        "narHash": "sha256-EIhaQorbowDElN2yxXDDZVwEBo8g+/YM4V9v601JZMo=",
        "owner": "mholtzscher",
        "repo": "skills",
        "rev": "57f95bb94e4abaf6206f97188497958a7e81a1bc",
        "type": "github"
      },
      "original": {
        "owner": "mholtzscher",
        "repo": "skills",
        "type": "github"
      }
    },
    "skills-nicobailon": {
      "flake": false,
      "locked": {
        "lastModified": 1791321305,
        "narHash": "sha256-SZHF5LqA7Cu9Vp+DibKn00UwA0FtB76Ij8PuV3/mbIY=",
        "owner": "nicobailon",
        "repo": "visual-explainer",
        "rev": "0cc6f15452c455a05fb7fceb036d0da31387c69c",
        "type": "github"
      },
      "original": {
        "owner": "nicobailon",
        "repo": "visual-explainer",
        "type": "github"
      }
    },
    "skills-plannotator": {
      "flake": false,
      "locked": {
        "lastModified": 1789411102,
        "narHash": "sha256-i3b2AN6WnQFKW8csvPYYsY/IyjwsTtRKN9k6VF9fS18=",
        "owner": "plannotator",
        "repo": "effective-html",
        "rev": "2ac1dfecb0f2474e75260cb6d3c9b9d6d9b5062e",
        "type": "github"
      },
      "original": {
        "owner": "plannotator",
        "repo": "effective-html",
        "type": "github"
      }
    },
    "skills-pstack": {
      "flake": false,
      "locked": {
        "lastModified": 1791420314,
        "narHash": "sha256-2znGxDWUZ8lO6g2gC/l0iRmRKjEnVZrk4TkEX9JAIjY=",
        "owner": "cursor",
        "repo": "plugins",
        "rev": "ccb5507cec1546dc88135c1139c811e6c59115ba",
        "type": "github"
      },
      "original": {
        "owner": "cursor",
        "repo": "plugins",
        "type": "github"
      }
    },
    "skills-terminal-control": {
      "flake": false,
      "locked": {
        "lastModified": 1788534215,
        "narHash": "sha256-mFW6C99zyEyGzqichDN8gZgkDGJg1T9ORcGfx/QZMUM=",
        "owner": "anomalyco",
        "repo": "terminal-control",
        "rev": "c1d4f95e4f1b7638f6229e9bfc9599a955f95ce2",
        "type": "github"
      },
      "original": {
        "owner": "anomalyco",
        "repo": "terminal-control",
        "type": "github"
      }
    },
    "skills-vercel": {
      "flake": false,
      "locked": {
        "lastModified": 1791423860,
        "narHash": "sha256-NJJZD4lcZdyWhBJEGwy2IYHEWYkL1gXDgBTMe1zV6oM=",
        "owner": "vercel-labs",
        "repo": "agent-browser",
        "rev": "0207911f1bd4d0393eddaa90f2e50f96e0fb8974",
        "type": "github"
      },
      "original": {
        "owner": "vercel-labs",
        "repo": "agent-browser",
        "type": "github"
      }
    },
    "systems": {
      "locked": {
        "lastModified": 1681028828,
        "narHash": "sha256-Vy1rq5AaRuLzOxct8nz4T6wlgyUR7zLU309k9mBC768=",
        "owner": "nix-systems",
        "repo": "default",
        "rev": "da67096a3b9bf56a91d16901293e51ba5b49a27e",
        "type": "github"
      },
      "original": {
        "owner": "nix-systems",
        "repo": "default",
        "type": "github"
      }
    },
    "systems_2": {
      "locked": {
        "lastModified": 1681028828,
        "narHash": "sha256-Vy1rq5AaRuLzOxct8nz4T6wlgyUR7zLU309k9mBC768=",
        "owner": "nix-systems",
        "repo": "default",
        "rev": "da67096a3b9bf56a91d16901293e51ba5b49a27e",
        "type": "github"
      },
      "original": {
        "owner": "nix-systems",
        "repo": "default",
        "type": "github"
      }
    },
    "systems_3": {
      "locked": {
        "lastModified": 1776166891,
        "narHash": "sha256-bI8yrEGjrohR5hkQox7UrxDH7XqrYMwI8SL/LrJ1+S8=",
        "owner": "nix-systems",
        "repo": "triplet",
        "rev": "6de7bc09397911ce03636afbcf6118745ab2cda0",
        "type": "github"
      },
      "original": {
        "owner": "nix-systems",
        "repo": "triplet",
        "type": "github"
      }
    },
    "systems_4": {
      "locked": {
        "lastModified": 1791244623,
        "narHash": "sha256-uuanbkFk8a313Zfrxdcz8Us/yQtaxNnKJtX8v0ZPpd8=",
        "owner": "nix-systems",
        "repo": "default",
        "rev": "d36eeed142f88b5a636f2e3856a53c61654cf29b",
        "type": "github"
      },
      "original": {
        "owner": "nix-systems",
        "repo": "default",
        "type": "github"
      }
    },
    "systems_5": {
      "locked": {
        "lastModified": 1681028828,
        "narHash": "sha256-Vy1rq5AaRuLzOxct8nz4T6wlgyUR7zLU309k9mBC768=",
        "owner": "nix-systems",
        "repo": "default",
        "rev": "da67096a3b9bf56a91d16901293e51ba5b49a27e",
        "type": "github"
      },
      "original": {
        "owner": "nix-systems",
        "repo": "default",
        "type": "github"
      }
    },
    "systems_6": {
      "locked": {
        "lastModified": 1681028828,
        "narHash": "sha256-Vy1rq5AaRuLzOxct8nz4T6wlgyUR7zLU309k9mBC768=",
        "owner": "nix-systems",
        "repo": "default",
        "rev": "da67096a3b9bf56a91d16901293e51ba5b49a27e",
        "type": "github"
      },
      "original": {
        "owner": "nix-systems",
        "repo": "default",
        "type": "github"
      }
    },
    "treefmt-nix": {
      "inputs": {
        "nixpkgs": [
          "hunk",
          "bun2nix",
          "nixpkgs"
        ]
      },
      "locked": {
        "lastModified": 1770228511,
        "narHash": "sha256-wQ6NJSuFqAEmIg2VMnLdCnUc0b7vslUohqqGGD+Fyxk=",
        "owner": "numtide",
        "repo": "treefmt-nix",
        "rev": "337a4fe074be1042a35086f15481d763b8ddc0e7",
        "type": "github"
      },
      "original": {
        "owner": "numtide",
        "repo": "treefmt-nix",
        "type": "github"
      }
    },
    "treefmt-nix_2": {
      "inputs": {
        "nixpkgs": [
          "llm-agents",
          "nixpkgs"
        ]
      },
      "locked": {
        "lastModified": 1791490544,
        "narHash": "sha256-qScE7Wz6Zg7eg8ItUpnkmKgst8weWschGe0E8jM4rj4=",
        "owner": "numtide",
        "repo": "treefmt-nix",
        "rev": "4cfe8d7065cc8ca91c0a50361b6dd74920eeb1f5",
        "type": "github"
      },
      "original": {
        "owner": "numtide",
        "repo": "treefmt-nix",
        "type": "github"
      }
    }
  },
  "root": "root",
  "version": 7
}
